
Microsoft Visual Studio Solution File, Format Version 12.00
# Visual Studio 15
VisualStudioVersion = 15.0.28307.1000
MinimumVisualStudioVersion = 10.0.40219.1
Project("{FAE04EC0-301F-11D3-BF4B-00C04F79EFBC}") = "Yasharp", "Yasharp.csproj", "{286B63C9-E136-4D7F-9071-419D1288AEA4}"
EndProject
Global
	GlobalSection(SolutionConfigurationPlatforms) = preSolution
		Debug|Any CPU = Debug|Any CPU
		Release|Any CPU = Release|Any CPU
	EndGlobalSection
	GlobalSection(ProjectConfigurationPlatforms) = postSolution
		{286B63C9-E136-4D7F-9071-419D1288AEA4}.Debug|Any CPU.ActiveCfg = Debug|Any CPU
		{286B63C9-E136-4D7F-9071-419D1288AEA4}.Debug|Any CPU.Build.0 = Debug|Any CPU
		{286B63C9-E136-4D7F-9071-419D1288AEA4}.Release|Any CPU.ActiveCfg = Release|Any CPU
		{286B63C9-E136-4D7F-9071-419D1288AEA4}.Release|Any CPU.Build.0 = Release|Any CPU
	EndGlobalSection
	GlobalSection(SolutionProperties) = preSolution
		HideSolutionNode = FALSE
	EndGlobalSection
	GlobalSection(ExtensibilityGlobals) = postSolution
		SolutionGuid = {11F77E5A-0A63-411B-99CC-2D5248F1889F}
	EndGlobalSection
EndGlobal
